// !$*UTF8*$!
{
	archiveVersion = 1;
	classes = {
	};
	objectVersion = 56;
	objects = {

/* Begin PBXBuildFile section */
		0545BDE22C2F1761009B4A68 /* CustomColor.swift in Sources */ = {isa = PBXBuildFile; fileRef = 0545BDE12C2F1761009B4A68 /* CustomColor.swift */; };
		0545BDE42C2F1A29009B4A68 /* ToDoItemModel.swift in Sources */ = {isa = PBXBuildFile; fileRef = 0545BDE32C2F1A29009B4A68 /* ToDoItemModel.swift */; };
		058C240D2C25DB5900E31028 /* FileCache.swift in Sources */ = {isa = PBXBuildFile; fileRef = 058C240C2C25DB5900E31028 /* FileCache.swift */; };
		058C24112C26127600E31028 /* csvFileWithHeaders.csv in Resources */ = {isa = PBXBuildFile; fileRef = 058C24102C26127600E31028 /* csvFileWithHeaders.csv */; };
		058C24152C26151600E31028 /* csvFileWithoutHeaders.csv in Resources */ = {isa = PBXBuildFile; fileRef = 058C24142C26151600E31028 /* csvFileWithoutHeaders.csv */; };
		05C66DAA2C25B02800033CB5 /* ToDoListApp.swift in Sources */ = {isa = PBXBuildFile; fileRef = 05C66DA92C25B02800033CB5 /* ToDoListApp.swift */; };
		05C66DAC2C25B02800033CB5 /* ContentView.swift in Sources */ = {isa = PBXBuildFile; fileRef = 05C66DAB2C25B02800033CB5 /* ContentView.swift */; };
		05C66DAE2C25B02900033CB5 /* Assets.xcassets in Resources */ = {isa = PBXBuildFile; fileRef = 05C66DAD2C25B02900033CB5 /* Assets.xcassets */; };
		05C66DB12C25B02900033CB5 /* Preview Assets.xcassets in Resources */ = {isa = PBXBuildFile; fileRef = 05C66DB02C25B02900033CB5 /* Preview Assets.xcassets */; };
		05C66DBB2C25B02900033CB5 /* ToDoListTests.swift in Sources */ = {isa = PBXBuildFile; fileRef = 05C66DBA2C25B02900033CB5 /* ToDoListTests.swift */; };
		05C66DC52C25B02900033CB5 /* ToDoListUITests.swift in Sources */ = {isa = PBXBuildFile; fileRef = 05C66DC42C25B02900033CB5 /* ToDoListUITests.swift */; };
		05C66DC72C25B02900033CB5 /* ToDoListUITestsLaunchTests.swift in Sources */ = {isa = PBXBuildFile; fileRef = 05C66DC62C25B02900033CB5 /* ToDoListUITestsLaunchTests.swift */; };
		05C66DD42C25B1CE00033CB5 /* ToDoItem.swift in Sources */ = {isa = PBXBuildFile; fileRef = 05C66DD32C25B1CE00033CB5 /* ToDoItem.swift */; };
/* End PBXBuildFile section */

/* Begin PBXContainerItemProxy section */
		05C66DB72C25B02900033CB5 /* PBXContainerItemProxy */ = {
			isa = PBXContainerItemProxy;
			containerPortal = 05C66D9E2C25B02800033CB5 /* Project object */;
			proxyType = 1;
			remoteGlobalIDString = 05C66DA52C25B02800033CB5;
			remoteInfo = ToDoList;
		};
		05C66DC12C25B02900033CB5 /* PBXContainerItemProxy */ = {
			isa = PBXContainerItemProxy;
			containerPortal = 05C66D9E2C25B02800033CB5 /* Project object */;
			proxyType = 1;
			remoteGlobalIDString = 05C66DA52C25B02800033CB5;
			remoteInfo = ToDoList;
		};
/* End PBXContainerItemProxy section */

/* Begin PBXFileReference section */
		0545BDE12C2F1761009B4A68 /* CustomColor.swift */ = {isa = PBXFileReference; lastKnownFileType = sourcecode.swift; path = CustomColor.swift; sourceTree = "<group>"; };
		0545BDE32C2F1A29009B4A68 /* ToDoItemModel.swift */ = {isa = PBXFileReference; lastKnownFileType = sourcecode.swift; path = ToDoItemModel.swift; sourceTree = "<group>"; };
		058C240C2C25DB5900E31028 /* FileCache.swift */ = {isa = PBXFileReference; lastKnownFileType = sourcecode.swift; path = FileCache.swift; sourceTree = "<group>"; };
		058C24102C26127600E31028 /* csvFileWithHeaders.csv */ = {isa = PBXFileReference; lastKnownFileType = text; path = csvFileWithHeaders.csv; sourceTree = "<group>"; };
		058C24142C26151600E31028 /* csvFileWithoutHeaders.csv */ = {isa = PBXFileReference; lastKnownFileType = text; path = csvFileWithoutHeaders.csv; sourceTree = "<group>"; };
		05C66DA62C25B02800033CB5 /* ToDoList.app */ = {isa = PBXFileReference; explicitFileType = wrapper.application; includeInIndex = 0; path = ToDoList.app; sourceTree = BUILT_PRODUCTS_DIR; };
		05C66DA92C25B02800033CB5 /* ToDoListApp.swift */ = {isa = PBXFileReference; lastKnownFileType = sourcecode.swift; path = ToDoListApp.swift; sourceTree = "<group>"; };
		05C66DAB2C25B02800033CB5 /* ContentView.swift */ = {isa = PBXFileReference; lastKnownFileType = sourcecode.swift; path = ContentView.swift; sourceTree = "<group>"; };
		05C66DAD2C25B02900033CB5 /* Assets.xcassets */ = {isa = PBXFileReference; lastKnownFileType = folder.assetcatalog; path = Assets.xcassets; sourceTree = "<group>"; };
		05C66DB02C25B02900033CB5 /* Preview Assets.xcassets */ = {isa = PBXFileReference; lastKnownFileType = folder.assetcatalog; path = "Preview Assets.xcassets"; sourceTree = "<group>"; };
		05C66DB62C25B02900033CB5 /* ToDoListTests.xctest */ = {isa = PBXFileReference; explicitFileType = wrapper.cfbundle; includeInIndex = 0; path = ToDoListTests.xctest; sourceTree = BUILT_PRODUCTS_DIR; };
		05C66DBA2C25B02900033CB5 /* ToDoListTests.swift */ = {isa = PBXFileReference; lastKnownFileType = sourcecode.swift; path = ToDoListTests.swift; sourceTree = "<group>"; };
		05C66DC02C25B02900033CB5 /* ToDoListUITests.xctest */ = {isa = PBXFileReference; explicitFileType = wrapper.cfbundle; includeInIndex = 0; path = ToDoListUITests.xctest; sourceTree = BUILT_PRODUCTS_DIR; };
		05C66DC42C25B02900033CB5 /* ToDoListUITests.swift */ = {isa = PBXFileReference; lastKnownFileType = sourcecode.swift; path = ToDoListUITests.swift; sourceTree = "<group>"; };
		05C66DC62C25B02900033CB5 /* ToDoListUITestsLaunchTests.swift */ = {isa = PBXFileReference; lastKnownFileType = sourcecode.swift; path = ToDoListUITestsLaunchTests.swift; sourceTree = "<group>"; };
		05C66DD32C25B1CE00033CB5 /* ToDoItem.swift */ = {isa = PBXFileReference; lastKnownFileType = sourcecode.swift; path = ToDoItem.swift; sourceTree = "<group>"; };
/* End PBXFileReference section */

/* Begin PBXFrameworksBuildPhase section */
		05C66DA32C25B02800033CB5 /* Frameworks */ = {
			isa = PBXFrameworksBuildPhase;
			buildActionMask = 2147483647;
			files = (
			);
			runOnlyForDeploymentPostprocessing = 0;
		};
		05C66DB32C25B02900033CB5 /* Frameworks */ = {
			isa = PBXFrameworksBuildPhase;
			buildActionMask = 2147483647;
			files = (
			);
			runOnlyForDeploymentPostprocessing = 0;
		};
		05C66DBD2C25B02900033CB5 /* Frameworks */ = {
			isa = PBXFrameworksBuildPhase;
			buildActionMask = 2147483647;
			files = (
			);
			runOnlyForDeploymentPostprocessing = 0;
		};
/* End PBXFrameworksBuildPhase section */

/* Begin PBXGroup section */
		05C66D9D2C25B02800033CB5 = {
			isa = PBXGroup;
			children = (
				05C66DA82C25B02800033CB5 /* ToDoList */,
				05C66DB92C25B02900033CB5 /* ToDoListTests */,
				05C66DC32C25B02900033CB5 /* ToDoListUITests */,
				05C66DA72C25B02800033CB5 /* Products */,
			);
			sourceTree = "<group>";
		};
		05C66DA72C25B02800033CB5 /* Products */ = {
			isa = PBXGroup;
			children = (
				05C66DA62C25B02800033CB5 /* ToDoList.app */,
				05C66DB62C25B02900033CB5 /* ToDoListTests.xctest */,
				05C66DC02C25B02900033CB5 /* ToDoListUITests.xctest */,
			);
			name = Products;
			sourceTree = "<group>";
		};
		05C66DA82C25B02800033CB5 /* ToDoList */ = {
			isa = PBXGroup;
			children = (
				05C66DA92C25B02800033CB5 /* ToDoListApp.swift */,
				05C66DAB2C25B02800033CB5 /* ContentView.swift */,
				05C66DD32C25B1CE00033CB5 /* ToDoItem.swift */,
				0545BDE32C2F1A29009B4A68 /* ToDoItemModel.swift */,
				0545BDE12C2F1761009B4A68 /* CustomColor.swift */,
				058C240C2C25DB5900E31028 /* FileCache.swift */,
				05C66DAD2C25B02900033CB5 /* Assets.xcassets */,
				05C66DAF2C25B02900033CB5 /* Preview Content */,
			);
			path = ToDoList;
			sourceTree = "<group>";
		};
		05C66DAF2C25B02900033CB5 /* Preview Content */ = {
			isa = PBXGroup;
			children = (
				05C66DB02C25B02900033CB5 /* Preview Assets.xcassets */,
			);
			path = "Preview Content";
			sourceTree = "<group>";
		};
		05C66DB92C25B02900033CB5 /* ToDoListTests */ = {
			isa = PBXGroup;
			children = (
				05C66DBA2C25B02900033CB5 /* ToDoListTests.swift */,
				058C24102C26127600E31028 /* csvFileWithHeaders.csv */,
				058C24142C26151600E31028 /* csvFileWithoutHeaders.csv */,
			);
			path = ToDoListTests;
			sourceTree = "<group>";
		};
		05C66DC32C25B02900033CB5 /* ToDoListUITests */ = {
			isa = PBXGroup;
			children = (
				05C66DC42C25B02900033CB5 /* ToDoListUITests.swift */,
				05C66DC62C25B02900033CB5 /* ToDoListUITestsLaunchTests.swift */,
			);
			path = ToDoListUITests;
			sourceTree = "<group>";
		};
/* End PBXGroup section */

/* Begin PBXNativeTarget section */
		05C66DA52C25B02800033CB5 /* ToDoList */ = {
			isa = PBXNativeTarget;
			buildConfigurationList = 05C66DCA2C25B02900033CB5 /* Build configuration list for PBXNativeTarget "ToDoList" */;
			buildPhases = (
				05C66DA22C25B02800033CB5 /* Sources */,
				05C66DA32C25B02800033CB5 /* Frameworks */,
				05C66DA42C25B02800033CB5 /* Resources */,
			);
			buildRules = (
			);
			dependencies = (
			);
			name = ToDoList;
			productName = ToDoList;
			productReference = 05C66DA62C25B02800033CB5 /* ToDoList.app */;
			productType = "com.apple.product-type.application";
		};
		05C66DB52C25B02900033CB5 /* ToDoListTests */ = {
			isa = PBXNativeTarget;
			buildConfigurationList = 05C66DCD2C25B02900033CB5 /* Build configuration list for PBXNativeTarget "ToDoListTests" */;
			buildPhases = (
				05C66DB22C25B02900033CB5 /* Sources */,
				05C66DB32C25B02900033CB5 /* Frameworks */,
				05C66DB42C25B02900033CB5 /* Resources */,
			);
			buildRules = (
			);
			dependencies = (
				05C66DB82C25B02900033CB5 /* PBXTargetDependency */,
			);
			name = ToDoListTests;
			productName = ToDoListTests;
			productReference = 05C66DB62C25B02900033CB5 /* ToDoListTests.xctest */;
			productType = "com.apple.product-type.bundle.unit-test";
		};
		05C66DBF2C25B02900033CB5 /* ToDoListUITests */ = {
			isa = PBXNativeTarget;
			buildConfigurationList = 05C66DD02C25B02900033CB5 /* Build configuration list for PBXNativeTarget "ToDoListUITests" */;
			buildPhases = (
				05C66DBC2C25B02900033CB5 /* Sources */,
				05C66DBD2C25B02900033CB5 /* Frameworks */,
				05C66DBE2C25B02900033CB5 /* Resources */,
			);
			buildRules = (
			);
			dependencies = (
				05C66DC22C25B02900033CB5 /* PBXTargetDependency */,
			);
			name = ToDoListUITests;
			productName = ToDoListUITests;
			productReference = 05C66DC02C25B02900033CB5 /* ToDoListUITests.xctest */;
			productType = "com.apple.product-type.bundle.ui-testing";
		};
/* End PBXNativeTarget section */

/* Begin PBXProject section */
		05C66D9E2C25B02800033CB5 /* Project object */ = {
			isa = PBXProject;
			attributes = {
				BuildIndependentTargetsInParallel = 1;
				LastSwiftUpdateCheck = 1540;
				LastUpgradeCheck = 1540;
				TargetAttributes = {
					05C66DA52C25B02800033CB5 = {
						CreatedOnToolsVersion = 15.4;
					};
					05C66DB52C25B02900033CB5 = {
						CreatedOnToolsVersion = 15.4;
						TestTargetID = 05C66DA52C25B02800033CB5;
					};
					05C66DBF2C25B02900033CB5 = {
						CreatedOnToolsVersion = 15.4;
						TestTargetID = 05C66DA52C25B02800033CB5;
					};
				};
			};
			buildConfigurationList = 05C66DA12C25B02800033CB5 /* Build configuration list for PBXProject "ToDoList" */;
			compatibilityVersion = "Xcode 14.0";
			developmentRegion = en;
			hasScannedForEncodings = 0;
			knownRegions = (
				en,
				Base,
			);
			mainGroup = 05C66D9D2C25B02800033CB5;
			productRefGroup = 05C66DA72C25B02800033CB5 /* Products */;
			projectDirPath = "";
			projectRoot = "";
			targets = (
				05C66DA52C25B02800033CB5 /* ToDoList */,
				05C66DB52C25B02900033CB5 /* ToDoListTests */,
				05C66DBF2C25B02900033CB5 /* ToDoListUITests */,
			);
		};
/* End PBXProject section */

/* Begin PBXResourcesBuildPhase section */
		05C66DA42C25B02800033CB5 /* Resources */ = {
			isa = PBXResourcesBuildPhase;
			buildActionMask = 2147483647;
			files = (
				05C66DB12C25B02900033CB5 /* Preview Assets.xcassets in Resources */,
				05C66DAE2C25B02900033CB5 /* Assets.xcassets in Resources */,
			);
			runOnlyForDeploymentPostprocessing = 0;
		};
		05C66DB42C25B02900033CB5 /* Resources */ = {
			isa = PBXResourcesBuildPhase;
			buildActionMask = 2147483647;
			files = (
				058C24112C26127600E31028 /* csvFileWithHeaders.csv in Resources */,
				058C24152C26151600E31028 /* csvFileWithoutHeaders.csv in Resources */,
			);
			runOnlyForDeploymentPostprocessing = 0;
		};
		05C66DBE2C25B02900033CB5 /* Resources */ = {
			isa = PBXResourcesBuildPhase;
			buildActionMask = 2147483647;
			files = (
			);
			runOnlyForDeploymentPostprocessing = 0;
		};
/* End PBXResourcesBuildPhase section */

/* Begin PBXSourcesBuildPhase section */
		05C66DA22C25B02800033CB5 /* Sources */ = {
			isa = PBXSourcesBuildPhase;
			buildActionMask = 2147483647;
			files = (
				0545BDE42C2F1A29009B4A68 /* ToDoItemModel.swift in Sources */,
				05C66DAC2C25B02800033CB5 /* ContentView.swift in Sources */,
				05C66DAA2C25B02800033CB5 /* ToDoListApp.swift in Sources */,
				058C240D2C25DB5900E31028 /* FileCache.swift in Sources */,
				0545BDE22C2F1761009B4A68 /* CustomColor.swift in Sources */,
				05C66DD42C25B1CE00033CB5 /* ToDoItem.swift in Sources */,
			);
			runOnlyForDeploymentPostprocessing = 0;
		};
		05C66DB22C25B02900033CB5 /* Sources */ = {
			isa = PBXSourcesBuildPhase;
			buildActionMask = 2147483647;
			files = (
				05C66DBB2C25B02900033CB5 /* ToDoListTests.swift in Sources */,
			);
			runOnlyForDeploymentPostprocessing = 0;
		};
		05C66DBC2C25B02900033CB5 /* Sources */ = {
			isa = PBXSourcesBuildPhase;
			buildActionMask = 2147483647;
			files = (
				05C66DC72C25B02900033CB5 /* ToDoListUITestsLaunchTests.swift in Sources */,
				05C66DC52C25B02900033CB5 /* ToDoListUITests.swift in Sources */,
			);
			runOnlyForDeploymentPostprocessing = 0;
		};
/* End PBXSourcesBuildPhase section */

/* Begin PBXTargetDependency section */
		05C66DB82C25B02900033CB5 /* PBXTargetDependency */ = {
			isa = PBXTargetDependency;
			target = 05C66DA52C25B02800033CB5 /* ToDoList */;
			targetProxy = 05C66DB72C25B02900033CB5 /* PBXContainerItemProxy */;
		};
		05C66DC22C25B02900033CB5 /* PBXTargetDependency */ = {
			isa = PBXTargetDependency;
			target = 05C66DA52C25B02800033CB5 /* ToDoList */;
			targetProxy = 05C66DC12C25B02900033CB5 /* PBXContainerItemProxy */;
		};
/* End PBXTargetDependency section */

/* Begin XCBuildConfiguration section */
		05C66DC82C25B02900033CB5 /* Debug */ = {
			isa = XCBuildConfiguration;
			buildSettings = {
				ALWAYS_SEARCH_USER_PATHS = NO;
				ASSETCATALOG_COMPILER_GENERATE_SWIFT_ASSET_SYMBOL_EXTENSIONS = YES;
				CLANG_ANALYZER_NONNULL = YES;
				CLANG_ANALYZER_NUMBER_OBJECT_CONVERSION = YES_AGGRESSIVE;
				CLANG_CXX_LANGUAGE_STANDARD = "gnu++20";
				CLANG_ENABLE_MODULES = YES;
				CLANG_ENABLE_OBJC_ARC = YES;
				CLANG_ENABLE_OBJC_WEAK = YES;
				CLANG_WARN_BLOCK_CAPTURE_AUTORELEASING = YES;
				CLANG_WARN_BOOL_CONVERSION = YES;
				CLANG_WARN_COMMA = YES;
				CLANG_WARN_CONSTANT_CONVERSION = YES;
				CLANG_WARN_DEPRECATED_OBJC_IMPLEMENTATIONS = YES;
				CLANG_WARN_DIRECT_OBJC_ISA_USAGE = YES_ERROR;
				CLANG_WARN_DOCUMENTATION_COMMENTS = YES;
				CLANG_WARN_EMPTY_BODY = YES;
				CLANG_WARN_ENUM_CONVERSION = YES;
				CLANG_WARN_INFINITE_RECURSION = YES;
				CLANG_WARN_INT_CONVERSION = YES;
				CLANG_WARN_NON_LITERAL_NULL_CONVERSION = YES;
				CLANG_WARN_OBJC_IMPLICIT_RETAIN_SELF = YES;
				CLANG_WARN_OBJC_LITERAL_CONVERSION = YES;
				CLANG_WARN_OBJC_ROOT_CLASS = YES_ERROR;
				CLANG_WARN_QUOTED_INCLUDE_IN_FRAMEWORK_HEADER = YES;
				CLANG_WARN_RANGE_LOOP_ANALYSIS = YES;
				CLANG_WARN_STRICT_PROTOTYPES = YES;
				CLANG_WARN_SUSPICIOUS_MOVE = YES;
				CLANG_WARN_UNGUARDED_AVAILABILITY = YES_AGGRESSIVE;
				CLANG_WARN_UNREACHABLE_CODE = YES;
				CLANG_WARN__DUPLICATE_METHOD_MATCH = YES;
				COPY_PHASE_STRIP = NO;
				DEBUG_INFORMATION_FORMAT = dwarf;
				ENABLE_STRICT_OBJC_MSGSEND = YES;
				ENABLE_TESTABILITY = YES;
				ENABLE_USER_SCRIPT_SANDBOXING = YES;
				GCC_C_LANGUAGE_STANDARD = gnu17;
				GCC_DYNAMIC_NO_PIC = NO;
				GCC_NO_COMMON_BLOCKS = YES;
				GCC_OPTIMIZATION_LEVEL = 0;
				GCC_PREPROCESSOR_DEFINITIONS = (
					"DEBUG=1",
					"$(inherited)",
				);
				GCC_WARN_64_TO_32_BIT_CONVERSION = YES;
				GCC_WARN_ABOUT_RETURN_TYPE = YES_ERROR;
				GCC_WARN_UNDECLARED_SELECTOR = YES;
				GCC_WARN_UNINITIALIZED_AUTOS = YES_AGGRESSIVE;
				GCC_WARN_UNUSED_FUNCTION = YES;
				GCC_WARN_UNUSED_VARIABLE = YES;
				IPHONEOS_DEPLOYMENT_TARGET = 17.5;
				LOCALIZATION_PREFERS_STRING_CATALOGS = YES;
				MTL_ENABLE_DEBUG_INFO = INCLUDE_SOURCE;
				MTL_FAST_MATH = YES;
				ONLY_ACTIVE_ARCH = YES;
				SDKROOT = iphoneos;
				SWIFT_ACTIVE_COMPILATION_CONDITIONS = "DEBUG $(inherited)";
				SWIFT_OPTIMIZATION_LEVEL = "-Onone";
			};
			name = Debug;
		};
		05C66DC92C25B02900033CB5 /* Release */ = {
			isa = XCBuildConfiguration;
			buildSettings = {
				ALWAYS_SEARCH_USER_PATHS = NO;
				ASSETCATALOG_COMPILER_GENERATE_SWIFT_ASSET_SYMBOL_EXTENSIONS = YES;
				CLANG_ANALYZER_NONNULL = YES;
				CLANG_ANALYZER_NUMBER_OBJECT_CONVERSION = YES_AGGRESSIVE;
				CLANG_CXX_LANGUAGE_STANDARD = "gnu++20";
				CLANG_ENABLE_MODULES = YES;
				CLANG_ENABLE_OBJC_ARC = YES;
				CLANG_ENABLE_OBJC_WEAK = YES;
				CLANG_WARN_BLOCK_CAPTURE_AUTORELEASING = YES;
				CLANG_WARN_BOOL_CONVERSION = YES;
				CLANG_WARN_COMMA = YES;
				CLANG_WARN_CONSTANT_CONVERSION = YES;
				CLANG_WARN_DEPRECATED_OBJC_IMPLEMENTATIONS = YES;
				CLANG_WARN_DIRECT_OBJC_ISA_USAGE = YES_ERROR;
				CLANG_WARN_DOCUMENTATION_COMMENTS = YES;
				CLANG_WARN_EMPTY_BODY = YES;
				CLANG_WARN_ENUM_CONVERSION = YES;
				CLANG_WARN_INFINITE_RECURSION = YES;
				CLANG_WARN_INT_CONVERSION = YES;
				CLANG_WARN_NON_LITERAL_NULL_CONVERSION = YES;
				CLANG_WARN_OBJC_IMPLICIT_RETAIN_SELF = YES;
				CLANG_WARN_OBJC_LITERAL_CONVERSION = YES;
				CLANG_WARN_OBJC_ROOT_CLASS = YES_ERROR;
				CLANG_WARN_QUOTED_INCLUDE_IN_FRAMEWORK_HEADER = YES;
				CLANG_WARN_RANGE_LOOP_ANALYSIS = YES;
				CLANG_WARN_STRICT_PROTOTYPES = YES;
				CLANG_WARN_SUSPICIOUS_MOVE = YES;
				CLANG_WARN_UNGUARDED_AVAILABILITY = YES_AGGRESSIVE;
				CLANG_WARN_UNREACHABLE_CODE = YES;
				CLANG_WARN__DUPLICATE_METHOD_MATCH = YES;
				COPY_PHASE_STRIP = NO;
				DEBUG_INFORMATION_FORMAT = "dwarf-with-dsym";
				ENABLE_NS_ASSERTIONS = NO;
				ENABLE_STRICT_OBJC_MSGSEND = YES;
				ENABLE_USER_SCRIPT_SANDBOXING = YES;
				GCC_C_LANGUAGE_STANDARD = gnu17;
				GCC_NO_COMMON_BLOCKS = YES;
				GCC_WARN_64_TO_32_BIT_CONVERSION = YES;
				GCC_WARN_ABOUT_RETURN_TYPE = YES_ERROR;
				GCC_WARN_UNDECLARED_SELECTOR = YES;
				GCC_WARN_UNINITIALIZED_AUTOS = YES_AGGRESSIVE;
				GCC_WARN_UNUSED_FUNCTION = YES;
				GCC_WARN_UNUSED_VARIABLE = YES;
				IPHONEOS_DEPLOYMENT_TARGET = 17.5;
				LOCALIZATION_PREFERS_STRING_CATALOGS = YES;
				MTL_ENABLE_DEBUG_INFO = NO;
				MTL_FAST_MATH = YES;
				SDKROOT = iphoneos;
				SWIFT_COMPILATION_MODE = wholemodule;
				VALIDATE_PRODUCT = YES;
			};
			name = Release;
		};
		05C66DCB2C25B02900033CB5 /* Debug */ = {
			isa = XCBuildConfiguration;
			buildSettings = {
				ASSETCATALOG_COMPILER_APPICON_NAME = AppIcon;
				ASSETCATALOG_COMPILER_GLOBAL_ACCENT_COLOR_NAME = AccentColor;
				CODE_SIGN_STYLE = Automatic;
				CURRENT_PROJECT_VERSION = 1;
				DEVELOPMENT_ASSET_PATHS = "\"ToDoList/Preview Content\"";
				DEVELOPMENT_TEAM = K576QY7WLK;
				ENABLE_PREVIEWS = YES;
				GENERATE_INFOPLIST_FILE = YES;
				INFOPLIST_KEY_UIApplicationSceneManifest_Generation = YES;
				INFOPLIST_KEY_UIApplicationSupportsIndirectInputEvents = YES;
				INFOPLIST_KEY_UILaunchScreen_Generation = YES;
				INFOPLIST_KEY_UISupportedInterfaceOrientations_iPad = "UIInterfaceOrientationPortrait UIInterfaceOrientationPortraitUpsideDown UIInterfaceOrientationLandscapeLeft UIInterfaceOrientationLandscapeRight";
				INFOPLIST_KEY_UISupportedInterfaceOrientations_iPhone = "UIInterfaceOrientationPortrait UIInterfaceOrientationLandscapeLeft UIInterfaceOrientationLandscapeRight";
				LD_RUNPATH_SEARCH_PATHS = (
					"$(inherited)",
					"@executable_path/Frameworks",
				);
				MARKETING_VERSION = 1.0;
				PRODUCT_BUNDLE_IDENTIFIER = ru.DanilRyumin.ToDoList;
				PRODUCT_NAME = "$(TARGET_NAME)";
				SWIFT_EMIT_LOC_STRINGS = YES;
				SWIFT_VERSION = 5.0;
				TARGETED_DEVICE_FAMILY = "1,2";
			};
			name = Debug;
		};
		05C66DCC2C25B02900033CB5 /* Release */ = {
			isa = XCBuildConfiguration;
			buildSettings = {
				ASSETCATALOG_COMPILER_APPICON_NAME = AppIcon;
				ASSETCATALOG_COMPILER_GLOBAL_ACCENT_COLOR_NAME = AccentColor;
				CODE_SIGN_STYLE = Automatic;
				CURRENT_PROJECT_VERSION = 1;
				DEVELOPMENT_ASSET_PATHS = "\"ToDoList/Preview Content\"";
				DEVELOPMENT_TEAM = K576QY7WLK;
				ENABLE_PREVIEWS = YES;
				GENERATE_INFOPLIST_FILE = YES;
				INFOPLIST_KEY_UIApplicationSceneManifest_Generation = YES;
				INFOPLIST_KEY_UIApplicationSupportsIndirectInputEvents = YES;
				INFOPLIST_KEY_UILaunchScreen_Generation = YES;
				INFOPLIST_KEY_UISupportedInterfaceOrientations_iPad = "UIInterfaceOrientationPortrait UIInterfaceOrientationPortraitUpsideDown UIInterfaceOrientationLandscapeLeft UIInterfaceOrientationLandscapeRight";
				INFOPLIST_KEY_UISupportedInterfaceOrientations_iPhone = "UIInterfaceOrientationPortrait UIInterfaceOrientationLandscapeLeft UIInterfaceOrientationLandscapeRight";
				LD_RUNPATH_SEARCH_PATHS = (
					"$(inherited)",
					"@executable_path/Frameworks",
				);
				MARKETING_VERSION = 1.0;
				PRODUCT_BUNDLE_IDENTIFIER = ru.DanilRyumin.ToDoList;
				PRODUCT_NAME = "$(TARGET_NAME)";
				SWIFT_EMIT_LOC_STRINGS = YES;
				SWIFT_VERSION = 5.0;
				TARGETED_DEVICE_FAMILY = "1,2";
			};
			name = Release;
		};
		05C66DCE2C25B02900033CB5 /* Debug */ = {
			isa = XCBuildConfiguration;
			buildSettings = {
				ALWAYS_EMBED_SWIFT_STANDARD_LIBRARIES = YES;
				BUNDLE_LOADER = "$(TEST_HOST)";
				CODE_SIGN_STYLE = Automatic;
				CURRENT_PROJECT_VERSION = 1;
				DEVELOPMENT_TEAM = K576QY7WLK;
				GENERATE_INFOPLIST_FILE = YES;
				IPHONEOS_DEPLOYMENT_TARGET = 17.5;
				MARKETING_VERSION = 1.0;
				PRODUCT_BUNDLE_IDENTIFIER = ru.DanilRyumin.ToDoListTests;
				PRODUCT_NAME = "$(TARGET_NAME)";
				SWIFT_EMIT_LOC_STRINGS = NO;
				SWIFT_VERSION = 5.0;
				TARGETED_DEVICE_FAMILY = "1,2";
				TEST_HOST = "$(BUILT_PRODUCTS_DIR)/ToDoList.app/$(BUNDLE_EXECUTABLE_FOLDER_PATH)/ToDoList";
			};
			name = Debug;
		};
		05C66DCF2C25B02900033CB5 /* Release */ = {
			isa = XCBuildConfiguration;
			buildSettings = {
				ALWAYS_EMBED_SWIFT_STANDARD_LIBRARIES = YES;
				BUNDLE_LOADER = "$(TEST_HOST)";
				CODE_SIGN_STYLE = Automatic;
				CURRENT_PROJECT_VERSION = 1;
				DEVELOPMENT_TEAM = K576QY7WLK;
				GENERATE_INFOPLIST_FILE = YES;
				IPHONEOS_DEPLOYMENT_TARGET = 17.5;
				MARKETING_VERSION = 1.0;
				PRODUCT_BUNDLE_IDENTIFIER = ru.DanilRyumin.ToDoListTests;
				PRODUCT_NAME = "$(TARGET_NAME)";
				SWIFT_EMIT_LOC_STRINGS = NO;
				SWIFT_VERSION = 5.0;
				TARGETED_DEVICE_FAMILY = "1,2";
				TEST_HOST = "$(BUILT_PRODUCTS_DIR)/ToDoList.app/$(BUNDLE_EXECUTABLE_FOLDER_PATH)/ToDoList";
			};
			name = Release;
		};
		05C66DD12C25B02900033CB5 /* Debug */ = {
			isa = XCBuildConfiguration;
			buildSettings = {
				ALWAYS_EMBED_SWIFT_STANDARD_LIBRARIES = YES;
				CODE_SIGN_STYLE = Automatic;
				CURRENT_PROJECT_VERSION = 1;
				DEVELOPMENT_TEAM = K576QY7WLK;
				GENERATE_INFOPLIST_FILE = YES;
				MARKETING_VERSION = 1.0;
				PRODUCT_BUNDLE_IDENTIFIER = ru.DanilRyumin.ToDoListUITests;
				PRODUCT_NAME = "$(TARGET_NAME)";
				SWIFT_EMIT_LOC_STRINGS = NO;
				SWIFT_VERSION = 5.0;
				TARGETED_DEVICE_FAMILY = "1,2";
				TEST_TARGET_NAME = ToDoList;
			};
			name = Debug;
		};
		05C66DD22C25B02900033CB5 /* Release */ = {
			isa = XCBuildConfiguration;
			buildSettings = {
				ALWAYS_EMBED_SWIFT_STANDARD_LIBRARIES = YES;
				CODE_SIGN_STYLE = Automatic;
				CURRENT_PROJECT_VERSION = 1;
				DEVELOPMENT_TEAM = K576QY7WLK;
				GENERATE_INFOPLIST_FILE = YES;
				MARKETING_VERSION = 1.0;
				PRODUCT_BUNDLE_IDENTIFIER = ru.DanilRyumin.ToDoListUITests;
				PRODUCT_NAME = "$(TARGET_NAME)";
				SWIFT_EMIT_LOC_STRINGS = NO;
				SWIFT_VERSION = 5.0;
				TARGETED_DEVICE_FAMILY = "1,2";
				TEST_TARGET_NAME = ToDoList;
			};
			name = Release;
		};
/* End XCBuildConfiguration section */

/* Begin XCConfigurationList section */
		05C66DA12C25B02800033CB5 /* Build configuration list for PBXProject "ToDoList" */ = {
			isa = XCConfigurationList;
			buildConfigurations = (
				05C66DC82C25B02900033CB5 /* Debug */,
				05C66DC92C25B02900033CB5 /* Release */,
			);
			defaultConfigurationIsVisible = 0;
			defaultConfigurationName = Release;
		};
		05C66DCA2C25B02900033CB5 /* Build configuration list for PBXNativeTarget "ToDoList" */ = {
			isa = XCConfigurationList;
			buildConfigurations = (
				05C66DCB2C25B02900033CB5 /* Debug */,
				05C66DCC2C25B02900033CB5 /* Release */,
			);
			defaultConfigurationIsVisible = 0;
			defaultConfigurationName = Release;
		};
		05C66DCD2C25B02900033CB5 /* Build configuration list for PBXNativeTarget "ToDoListTests" */ = {
			isa = XCConfigurationList;
			buildConfigurations = (
				05C66DCE2C25B02900033CB5 /* Debug */,
				05C66DCF2C25B02900033CB5 /* Release */,
			);
			defaultConfigurationIsVisible = 0;
			defaultConfigurationName = Release;
		};
		05C66DD02C25B02900033CB5 /* Build configuration list for PBXNativeTarget "ToDoListUITests" */ = {
			isa = XCConfigurationList;
			buildConfigurations = (
				05C66DD12C25B02900033CB5 /* Debug */,
				05C66DD22C25B02900033CB5 /* Release */,
			);
			defaultConfigurationIsVisible = 0;
			defaultConfigurationName = Release;
		};
/* End XCConfigurationList section */
	};
	rootObject = 05C66D9E2C25B02800033CB5 /* Project object */;
}
